
Microsoft Visual Studio Solution File, Format Version 12.00
# Visual Studio 14
VisualStudioVersion = 14.0.25420.1
MinimumVisualStudioVersion = 10.0.40219.1
Project("{FAE04EC0-301F-11D3-BF4B-00C04F79EFBC}") = "Algorithm", "Algorithm.csproj", "{2A600689-9A9D-4C58-88C1-0C73F848C1B2}"
EndProject
Project("{FAE04EC0-301F-11D3-BF4B-00C04F79EFBC}") = "Algorithm_Test", "..\Algorithm_Test\Algorithm_Test.csproj", "{7E5AAE6C-93E2-4DE1-ACB6-A84A870A3600}"
EndProject
Global
	GlobalSection(SolutionConfigurationPlatforms) = preSolution
		Debug|Any CPU = Debug|Any CPU
		Release|Any CPU = Release|Any CPU
	EndGlobalSection
	GlobalSection(ProjectConfigurationPlatforms) = postSolution
		{2A600689-9A9D-4C58-88C1-0C73F848C1B2}.Debug|Any CPU.ActiveCfg = Debug|Any CPU
		{2A600689-9A9D-4C58-88C1-0C73F848C1B2}.Debug|Any CPU.Build.0 = Debug|Any CPU
		{2A600689-9A9D-4C58-88C1-0C73F848C1B2}.Release|Any CPU.ActiveCfg = Release|Any CPU
		{2A600689-9A9D-4C58-88C1-0C73F848C1B2}.Release|Any CPU.Build.0 = Release|Any CPU
		{7E5AAE6C-93E2-4DE1-ACB6-A84A870A3600}.Debug|Any CPU.ActiveCfg = Debug|Any CPU
		{7E5AAE6C-93E2-4DE1-ACB6-A84A870A3600}.Debug|Any CPU.Build.0 = Debug|Any CPU
		{7E5AAE6C-93E2-4DE1-ACB6-A84A870A3600}.Release|Any CPU.ActiveCfg = Release|Any CPU
		{7E5AAE6C-93E2-4DE1-ACB6-A84A870A3600}.Release|Any CPU.Build.0 = Release|Any CPU
	EndGlobalSection
	GlobalSection(SolutionProperties) = preSolution
		HideSolutionNode = FALSE
	EndGlobalSection
EndGlobal
